// !$*UTF8*$!
{
	archiveVersion = 1;
	classes = {
	};
	objectVersion = 46;
	objects = {

/* Begin PBXBuildFile section */
		9C6CBAAC1AE0E434003AA739 /* AlbertEinsteinStamp.jpg in Resources */ = {isa = PBXBuildFile; fileRef = 9C6CBAAA1AE0E434003AA739 /* AlbertEinsteinStamp.jpg */; };
		9C6CBAAD1AE0E434003AA739 /* SagradaFamilia.jpeg in Resources */ = {isa = PBXBuildFile; fileRef = 9C6CBAAB1AE0E434003AA739 /* SagradaFamilia.jpeg */; };
		9CFADB561ADFB495003F1AEA /* AppDelegate.swift in Sources */ = {isa = PBXBuildFile; fileRef = 9CFADB551ADFB495003F1AEA /* AppDelegate.swift */; };
		9CFADB581ADFB495003F1AEA /* ViewController.swift in Sources */ = {isa = PBXBuildFile; fileRef = 9CFADB571ADFB495003F1AEA /* ViewController.swift */; };
		9CFADB5B1ADFB495003F1AEA /* Main.storyboard in Resources */ = {isa = PBXBuildFile; fileRef = 9CFADB591ADFB495003F1AEA /* Main.storyboard */; };
		9CFADB5D1ADFB495003F1AEA /* Images.xcassets in Resources */ = {isa = PBXBuildFile; fileRef = 9CFADB5C1ADFB495003F1AEA /* Images.xcassets */; };
		9CFADB601ADFB495003F1AEA /* LaunchScreen.xib in Resources */ = {isa = PBXBuildFile; fileRef = 9CFADB5E1ADFB495003F1AEA /* LaunchScreen.xib */; };
		9CFADB6C1ADFB495003F1AEA /* firstProjectTests.swift in Sources */ = {isa = PBXBuildFile; fileRef = 9CFADB6B1ADFB495003F1AEA /* firstProjectTests.swift */; };
/* End PBXBuildFile section */

/* Begin PBXContainerItemProxy section */
		9CFADB661ADFB495003F1AEA /* PBXContainerItemProxy */ = {
			isa = PBXContainerItemProxy;
			containerPortal = 9CFADB481ADFB495003F1AEA /* Project object */;
			proxyType = 1;
			remoteGlobalIDString = 9CFADB4F1ADFB495003F1AEA;
			remoteInfo = firstProject;
		};
/* End PBXContainerItemProxy section */

/* Begin PBXFileReference section */
		9C6CBAAA1AE0E434003AA739 /* AlbertEinsteinStamp.jpg */ = {isa = PBXFileReference; lastKnownFileType = image.jpeg; path = AlbertEinsteinStamp.jpg; sourceTree = "<group>"; };
		9C6CBAAB1AE0E434003AA739 /* SagradaFamilia.jpeg */ = {isa = PBXFileReference; lastKnownFileType = image.jpeg; path = SagradaFamilia.jpeg; sourceTree = "<group>"; };
		9CFADB501ADFB495003F1AEA /* firstProject.app */ = {isa = PBXFileReference; explicitFileType = wrapper.application; includeInIndex = 0; path = firstProject.app; sourceTree = BUILT_PRODUCTS_DIR; };
		9CFADB541ADFB495003F1AEA /* Info.plist */ = {isa = PBXFileReference; lastKnownFileType = text.plist.xml; path = Info.plist; sourceTree = "<group>"; };
		9CFADB551ADFB495003F1AEA /* AppDelegate.swift */ = {isa = PBXFileReference; lastKnownFileType = sourcecode.swift; path = AppDelegate.swift; sourceTree = "<group>"; };
		9CFADB571ADFB495003F1AEA /* ViewController.swift */ = {isa = PBXFileReference; lastKnownFileType = sourcecode.swift; path = ViewController.swift; sourceTree = "<group>"; };
		9CFADB5A1ADFB495003F1AEA /* Base */ = {isa = PBXFileReference; lastKnownFileType = file.storyboard; name = Base; path = Base.lproj/Main.storyboard; sourceTree = "<group>"; };
		9CFADB5C1ADFB495003F1AEA /* Images.xcassets */ = {isa = PBXFileReference; lastKnownFileType = folder.assetcatalog; path = Images.xcassets; sourceTree = "<group>"; };
		9CFADB5F1ADFB495003F1AEA /* Base */ = {isa = PBXFileReference; lastKnownFileType = file.xib; name = Base; path = Base.lproj/LaunchScreen.xib; sourceTree = "<group>"; };
		9CFADB651ADFB495003F1AEA /* firstProjectTests.xctest */ = {isa = PBXFileReference; explicitFileType = wrapper.cfbundle; includeInIndex = 0; path = firstProjectTests.xctest; sourceTree = BUILT_PRODUCTS_DIR; };
		9CFADB6A1ADFB495003F1AEA /* Info.plist */ = {isa = PBXFileReference; lastKnownFileType = text.plist.xml; path = Info.plist; sourceTree = "<group>"; };
		9CFADB6B1ADFB495003F1AEA /* firstProjectTests.swift */ = {isa = PBXFileReference; lastKnownFileType = sourcecode.swift; path = firstProjectTests.swift; sourceTree = "<group>"; };
/* End PBXFileReference section */

/* Begin PBXFrameworksBuildPhase section */
		9CFADB4D1ADFB495003F1AEA /* Frameworks */ = {
			isa = PBXFrameworksBuildPhase;
			buildActionMask = 2147483647;
			files = (
			);
			runOnlyForDeploymentPostprocessing = 0;
		};
		9CFADB621ADFB495003F1AEA /* Frameworks */ = {
			isa = PBXFrameworksBuildPhase;
			buildActionMask = 2147483647;
			files = (
			);
			runOnlyForDeploymentPostprocessing = 0;
		};
/* End PBXFrameworksBuildPhase section */

/* Begin PBXGroup section */
		9CFADB471ADFB495003F1AEA = {
			isa = PBXGroup;
			children = (
				9CFADB521ADFB495003F1AEA /* firstProject */,
				9CFADB681ADFB495003F1AEA /* firstProjectTests */,
				9CFADB511ADFB495003F1AEA /* Products */,
			);
			sourceTree = "<group>";
		};
		9CFADB511ADFB495003F1AEA /* Products */ = {
			isa = PBXGroup;
			children = (
				9CFADB501ADFB495003F1AEA /* firstProject.app */,
				9CFADB651ADFB495003F1AEA /* firstProjectTests.xctest */,
			);
			name = Products;
			sourceTree = "<group>";
		};
		9CFADB521ADFB495003F1AEA /* firstProject */ = {
			isa = PBXGroup;
			children = (
				9CFADB551ADFB495003F1AEA /* AppDelegate.swift */,
				9CFADB571ADFB495003F1AEA /* ViewController.swift */,
				9CFADB591ADFB495003F1AEA /* Main.storyboard */,
				9CFADB5C1ADFB495003F1AEA /* Images.xcassets */,
				9CFADB5E1ADFB495003F1AEA /* LaunchScreen.xib */,
				9CFADB531ADFB495003F1AEA /* Supporting Files */,
			);
			path = firstProject;
			sourceTree = "<group>";
		};
		9CFADB531ADFB495003F1AEA /* Supporting Files */ = {
			isa = PBXGroup;
			children = (
				9C6CBAAB1AE0E434003AA739 /* SagradaFamilia.jpeg */,
				9C6CBAAA1AE0E434003AA739 /* AlbertEinsteinStamp.jpg */,
				9CFADB541ADFB495003F1AEA /* Info.plist */,
			);
			name = "Supporting Files";
			sourceTree = "<group>";
		};
		9CFADB681ADFB495003F1AEA /* firstProjectTests */ = {
			isa = PBXGroup;
			children = (
				9CFADB6B1ADFB495003F1AEA /* firstProjectTests.swift */,
				9CFADB691ADFB495003F1AEA /* Supporting Files */,
			);
			path = firstProjectTests;
			sourceTree = "<group>";
		};
		9CFADB691ADFB495003F1AEA /* Supporting Files */ = {
			isa = PBXGroup;
			children = (
				9CFADB6A1ADFB495003F1AEA /* Info.plist */,
			);
			name = "Supporting Files";
			sourceTree = "<group>";
		};
/* End PBXGroup section */

/* Begin PBXNativeTarget section */
		9CFADB4F1ADFB495003F1AEA /* firstProject */ = {
			isa = PBXNativeTarget;
			buildConfigurationList = 9CFADB6F1ADFB495003F1AEA /* Build configuration list for PBXNativeTarget "firstProject" */;
			buildPhases = (
				9CFADB4C1ADFB495003F1AEA /* Sources */,
				9CFADB4D1ADFB495003F1AEA /* Frameworks */,
				9CFADB4E1ADFB495003F1AEA /* Resources */,
			);
			buildRules = (
			);
			dependencies = (
			);
			name = firstProject;
			productName = firstProject;
			productReference = 9CFADB501ADFB495003F1AEA /* firstProject.app */;
			productType = "com.apple.product-type.application";
		};
		9CFADB641ADFB495003F1AEA /* firstProjectTests */ = {
			isa = PBXNativeTarget;
			buildConfigurationList = 9CFADB721ADFB495003F1AEA /* Build configuration list for PBXNativeTarget "firstProjectTests" */;
			buildPhases = (
				9CFADB611ADFB495003F1AEA /* Sources */,
				9CFADB621ADFB495003F1AEA /* Frameworks */,
				9CFADB631ADFB495003F1AEA /* Resources */,
			);
			buildRules = (
			);
			dependencies = (
				9CFADB671ADFB495003F1AEA /* PBXTargetDependency */,
			);
			name = firstProjectTests;
			productName = firstProjectTests;
			productReference = 9CFADB651ADFB495003F1AEA /* firstProjectTests.xctest */;
			productType = "com.apple.product-type.bundle.unit-test";
		};
/* End PBXNativeTarget section */

/* Begin PBXProject section */
		9CFADB481ADFB495003F1AEA /* Project object */ = {
			isa = PBXProject;
			attributes = {
				LastUpgradeCheck = 0630;
				ORGANIZATIONNAME = cooneywalker;
				TargetAttributes = {
					9CFADB4F1ADFB495003F1AEA = {
						CreatedOnToolsVersion = 6.3;
					};
					9CFADB641ADFB495003F1AEA = {
						CreatedOnToolsVersion = 6.3;
						TestTargetID = 9CFADB4F1ADFB495003F1AEA;
					};
				};
			};
			buildConfigurationList = 9CFADB4B1ADFB495003F1AEA /* Build configuration list for PBXProject "firstProject" */;
			compatibilityVersion = "Xcode 3.2";
			developmentRegion = English;
			hasScannedForEncodings = 0;
			knownRegions = (
				en,
				Base,
			);
			mainGroup = 9CFADB471ADFB495003F1AEA;
			productRefGroup = 9CFADB511ADFB495003F1AEA /* Products */;
			projectDirPath = "";
			projectRoot = "";
			targets = (
				9CFADB4F1ADFB495003F1AEA /* firstProject */,
				9CFADB641ADFB495003F1AEA /* firstProjectTests */,
			);
		};
/* End PBXProject section */

/* Begin PBXResourcesBuildPhase section */
		9CFADB4E1ADFB495003F1AEA /* Resources */ = {
			isa = PBXResourcesBuildPhase;
			buildActionMask = 2147483647;
			files = (
				9C6CBAAC1AE0E434003AA739 /* AlbertEinsteinStamp.jpg in Resources */,
				9CFADB5B1ADFB495003F1AEA /* Main.storyboard in Resources */,
				9CFADB601ADFB495003F1AEA /* LaunchScreen.xib in Resources */,
				9CFADB5D1ADFB495003F1AEA /* Images.xcassets in Resources */,
				9C6CBAAD1AE0E434003AA739 /* SagradaFamilia.jpeg in Resources */,
			);
			runOnlyForDeploymentPostprocessing = 0;
		};
		9CFADB631ADFB495003F1AEA /* Resources */ = {
			isa = PBXResourcesBuildPhase;
			buildActionMask = 2147483647;
			files = (
			);
			runOnlyForDeploymentPostprocessing = 0;
		};
/* End PBXResourcesBuildPhase section */

/* Begin PBXSourcesBuildPhase section */
		9CFADB4C1ADFB495003F1AEA /* Sources */ = {
			isa = PBXSourcesBuildPhase;
			buildActionMask = 2147483647;
			files = (
				9CFADB581ADFB495003F1AEA /* ViewController.swift in Sources */,
				9CFADB561ADFB495003F1AEA /* AppDelegate.swift in Sources */,
			);
			runOnlyForDeploymentPostprocessing = 0;
		};
		9CFADB611ADFB495003F1AEA /* Sources */ = {
			isa = PBXSourcesBuildPhase;
			buildActionMask = 2147483647;
			files = (
				9CFADB6C1ADFB495003F1AEA /* firstProjectTests.swift in Sources */,
			);
			runOnlyForDeploymentPostprocessing = 0;
		};
/* End PBXSourcesBuildPhase section */

/* Begin PBXTargetDependency section */
		9CFADB671ADFB495003F1AEA /* PBXTargetDependency */ = {
			isa = PBXTargetDependency;
			target = 9CFADB4F1ADFB495003F1AEA /* firstProject */;
			targetProxy = 9CFADB661ADFB495003F1AEA /* PBXContainerItemProxy */;
		};
/* End PBXTargetDependency section */

/* Begin PBXVariantGroup section */
		9CFADB591ADFB495003F1AEA /* Main.storyboard */ = {
			isa = PBXVariantGroup;
			children = (
				9CFADB5A1ADFB495003F1AEA /* Base */,
			);
			name = Main.storyboard;
			sourceTree = "<group>";
		};
		9CFADB5E1ADFB495003F1AEA /* LaunchScreen.xib */ = {
			isa = PBXVariantGroup;
			children = (
				9CFADB5F1ADFB495003F1AEA /* Base */,
			);
			name = LaunchScreen.xib;
			sourceTree = "<group>";
		};
/* End PBXVariantGroup section */

/* Begin XCBuildConfiguration section */
		9CFADB6D1ADFB495003F1AEA /* Debug */ = {
			isa = XCBuildConfiguration;
			buildSettings = {
				ALWAYS_SEARCH_USER_PATHS = NO;
				CLANG_CXX_LANGUAGE_STANDARD = "gnu++0x";
				CLANG_CXX_LIBRARY = "libc++";
				CLANG_ENABLE_MODULES = YES;
				CLANG_ENABLE_OBJC_ARC = YES;
				CLANG_WARN_BOOL_CONVERSION = YES;
				CLANG_WARN_CONSTANT_CONVERSION = YES;
				CLANG_WARN_DIRECT_OBJC_ISA_USAGE = YES_ERROR;
				CLANG_WARN_EMPTY_BODY = YES;
				CLANG_WARN_ENUM_CONVERSION = YES;
				CLANG_WARN_INT_CONVERSION = YES;
				CLANG_WARN_OBJC_ROOT_CLASS = YES_ERROR;
				CLANG_WARN_UNREACHABLE_CODE = YES;
				CLANG_WARN__DUPLICATE_METHOD_MATCH = YES;
				"CODE_SIGN_IDENTITY[sdk=iphoneos*]" = "iPhone Developer";
				COPY_PHASE_STRIP = NO;
				DEBUG_INFORMATION_FORMAT = "dwarf-with-dsym";
				ENABLE_STRICT_OBJC_MSGSEND = YES;
				GCC_C_LANGUAGE_STANDARD = gnu99;
				GCC_DYNAMIC_NO_PIC = NO;
				GCC_NO_COMMON_BLOCKS = YES;
				GCC_OPTIMIZATION_LEVEL = 0;
				GCC_PREPROCESSOR_DEFINITIONS = (
					"DEBUG=1",
					"$(inherited)",
				);
				GCC_SYMBOLS_PRIVATE_EXTERN = NO;
				GCC_WARN_64_TO_32_BIT_CONVERSION = YES;
				GCC_WARN_ABOUT_RETURN_TYPE = YES_ERROR;
				GCC_WARN_UNDECLARED_SELECTOR = YES;
				GCC_WARN_UNINITIALIZED_AUTOS = YES_AGGRESSIVE;
				GCC_WARN_UNUSED_FUNCTION = YES;
				GCC_WARN_UNUSED_VARIABLE = YES;
				IPHONEOS_DEPLOYMENT_TARGET = 8.3;
				MTL_ENABLE_DEBUG_INFO = YES;
				ONLY_ACTIVE_ARCH = YES;
				SDKROOT = iphoneos;
				SWIFT_OPTIMIZATION_LEVEL = "-Onone";
			};
			name = Debug;
		};
		9CFADB6E1ADFB495003F1AEA /* Release */ = {
			isa = XCBuildConfiguration;
			buildSettings = {
				ALWAYS_SEARCH_USER_PATHS = NO;
				CLANG_CXX_LANGUAGE_STANDARD = "gnu++0x";
				CLANG_CXX_LIBRARY = "libc++";
				CLANG_ENABLE_MODULES = YES;
				CLANG_ENABLE_OBJC_ARC = YES;
				CLANG_WARN_BOOL_CONVERSION = YES;
				CLANG_WARN_CONSTANT_CONVERSION = YES;
				CLANG_WARN_DIRECT_OBJC_ISA_USAGE = YES_ERROR;
				CLANG_WARN_EMPTY_BODY = YES;
				CLANG_WARN_ENUM_CONVERSION = YES;
				CLANG_WARN_INT_CONVERSION = YES;
				CLANG_WARN_OBJC_ROOT_CLASS = YES_ERROR;
				CLANG_WARN_UNREACHABLE_CODE = YES;
				CLANG_WARN__DUPLICATE_METHOD_MATCH = YES;
				"CODE_SIGN_IDENTITY[sdk=iphoneos*]" = "iPhone Developer";
				COPY_PHASE_STRIP = NO;
				DEBUG_INFORMATION_FORMAT = "dwarf-with-dsym";
				ENABLE_NS_ASSERTIONS = NO;
				ENABLE_STRICT_OBJC_MSGSEND = YES;
				GCC_C_LANGUAGE_STANDARD = gnu99;
				GCC_NO_COMMON_BLOCKS = YES;
				GCC_WARN_64_TO_32_BIT_CONVERSION = YES;
				GCC_WARN_ABOUT_RETURN_TYPE = YES_ERROR;
				GCC_WARN_UNDECLARED_SELECTOR = YES;
				GCC_WARN_UNINITIALIZED_AUTOS = YES_AGGRESSIVE;
				GCC_WARN_UNUSED_FUNCTION = YES;
				GCC_WARN_UNUSED_VARIABLE = YES;
				IPHONEOS_DEPLOYMENT_TARGET = 8.3;
				MTL_ENABLE_DEBUG_INFO = NO;
				SDKROOT = iphoneos;
				VALIDATE_PRODUCT = YES;
			};
			name = Release;
		};
		9CFADB701ADFB495003F1AEA /* Debug */ = {
			isa = XCBuildConfiguration;
			buildSettings = {
				ASSETCATALOG_COMPILER_APPICON_NAME = AppIcon;
				INFOPLIST_FILE = firstProject/Info.plist;
				LD_RUNPATH_SEARCH_PATHS = "$(inherited) @executable_path/Frameworks";
				PRODUCT_NAME = "$(TARGET_NAME)";
			};
			name = Debug;
		};
		9CFADB711ADFB495003F1AEA /* Release */ = {
			isa = XCBuildConfiguration;
			buildSettings = {
				ASSETCATALOG_COMPILER_APPICON_NAME = AppIcon;
				INFOPLIST_FILE = firstProject/Info.plist;
				LD_RUNPATH_SEARCH_PATHS = "$(inherited) @executable_path/Frameworks";
				PRODUCT_NAME = "$(TARGET_NAME)";
			};
			name = Release;
		};
		9CFADB731ADFB495003F1AEA /* Debug */ = {
			isa = XCBuildConfiguration;
			buildSettings = {
				BUNDLE_LOADER = "$(TEST_HOST)";
				FRAMEWORK_SEARCH_PATHS = (
					"$(SDKROOT)/Developer/Library/Frameworks",
					"$(inherited)",
				);
				GCC_PREPROCESSOR_DEFINITIONS = (
					"DEBUG=1",
					"$(inherited)",
				);
				INFOPLIST_FILE = firstProjectTests/Info.plist;
				LD_RUNPATH_SEARCH_PATHS = "$(inherited) @executable_path/Frameworks @loader_path/Frameworks";
				PRODUCT_NAME = "$(TARGET_NAME)";
				TEST_HOST = "$(BUILT_PRODUCTS_DIR)/firstProject.app/firstProject";
			};
			name = Debug;
		};
		9CFADB741ADFB495003F1AEA /* Release */ = {
			isa = XCBuildConfiguration;
			buildSettings = {
				BUNDLE_LOADER = "$(TEST_HOST)";
				FRAMEWORK_SEARCH_PATHS = (
					"$(SDKROOT)/Developer/Library/Frameworks",
					"$(inherited)",
				);
				INFOPLIST_FILE = firstProjectTests/Info.plist;
				LD_RUNPATH_SEARCH_PATHS = "$(inherited) @executable_path/Frameworks @loader_path/Frameworks";
				PRODUCT_NAME = "$(TARGET_NAME)";
				TEST_HOST = "$(BUILT_PRODUCTS_DIR)/firstProject.app/firstProject";
			};
			name = Release;
		};
/* End XCBuildConfiguration section */

/* Begin XCConfigurationList section */
		9CFADB4B1ADFB495003F1AEA /* Build configuration list for PBXProject "firstProject" */ = {
			isa = XCConfigurationList;
			buildConfigurations = (
				9CFADB6D1ADFB495003F1AEA /* Debug */,
				9CFADB6E1ADFB495003F1AEA /* Release */,
			);
			defaultConfigurationIsVisible = 0;
			defaultConfigurationName = Release;
		};
		9CFADB6F1ADFB495003F1AEA /* Build configuration list for PBXNativeTarget "firstProject" */ = {
			isa = XCConfigurationList;
			buildConfigurations = (
				9CFADB701ADFB495003F1AEA /* Debug */,
				9CFADB711ADFB495003F1AEA /* Release */,
			);
			defaultConfigurationIsVisible = 0;
			defaultConfigurationName = Release;
		};
		9CFADB721ADFB495003F1AEA /* Build configuration list for PBXNativeTarget "firstProjectTests" */ = {
			isa = XCConfigurationList;
			buildConfigurations = (
				9CFADB731ADFB495003F1AEA /* Debug */,
				9CFADB741ADFB495003F1AEA /* Release */,
			);
			defaultConfigurationIsVisible = 0;
			defaultConfigurationName = Release;
		};
/* End XCConfigurationList section */
	};
	rootObject = 9CFADB481ADFB495003F1AEA /* Project object */;
}
